
Microsoft Visual Studio Solution File, Format Version 12.00
# Visual Studio Version 16
VisualStudioVersion = 16.0.30104.148
MinimumVisualStudioVersion = 10.0.40219.1
Project("{FAE04EC0-301F-11D3-BF4B-00C04F79EFBC}") = "Apit", "Apit\Apit.csproj", "{D7B4F9F1-CF24-463D-83AC-D0D9CE432B89}"
EndProject
Global
	GlobalSection(SolutionConfigurationPlatforms) = preSolution
		Debug|Any CPU = Debug|Any CPU
		Release|Any CPU = Release|Any CPU
	EndGlobalSection
	GlobalSection(ProjectConfigurationPlatforms) = postSolution
		{D7B4F9F1-CF24-463D-83AC-D0D9CE432B89}.Debug|Any CPU.ActiveCfg = Debug|Any CPU
		{D7B4F9F1-CF24-463D-83AC-D0D9CE432B89}.Debug|Any CPU.Build.0 = Debug|Any CPU
		{D7B4F9F1-CF24-463D-83AC-D0D9CE432B89}.Release|Any CPU.ActiveCfg = Release|Any CPU
		{D7B4F9F1-CF24-463D-83AC-D0D9CE432B89}.Release|Any CPU.Build.0 = Release|Any CPU
	EndGlobalSection
	GlobalSection(SolutionProperties) = preSolution
		HideSolutionNode = FALSE
	EndGlobalSection
	GlobalSection(ExtensibilityGlobals) = postSolution
		SolutionGuid = {16491881-8A3B-41B5-BEE4-C24E9B6C142D}
	EndGlobalSection
EndGlobal
